
Microsoft Visual Studio Solution File, Format Version 12.00
# Visual Studio Version 17
VisualStudioVersion = 17.12.35527.113 d17.12
MinimumVisualStudioVersion = 10.0.40219.1
Project("{FAE04EC0-301F-11D3-BF4B-00C04F79EFBC}") = "pi-WS2812B", "pi-WS2812B\pi-WS2812B.csproj", "{6E8CC358-4D28-4531-A014-7D57E05A9569}"
EndProject
Project("{2150E333-8FDC-42A3-9474-1A3956D46DE8}") = "Solution Items", "Solution Items", "{8C116222-24CD-459A-9822-2E27C2BFD9F2}"
	ProjectSection(SolutionItems) = preProject
		GPIO.png = GPIO.png
		debug. = debug.
		LICENSE = LICENSE
		README.md = README.md
		refresh = refresh
	EndProjectSection
EndProject
Global
	GlobalSection(SolutionConfigurationPlatforms) = preSolution
		Debug|Any CPU = Debug|Any CPU
		Release|Any CPU = Release|Any CPU
	EndGlobalSection
	GlobalSection(ProjectConfigurationPlatforms) = postSolution
		{6E8CC358-4D28-4531-A014-7D57E05A9569}.Debug|Any CPU.ActiveCfg = Debug|Any CPU
		{6E8CC358-4D28-4531-A014-7D57E05A9569}.Debug|Any CPU.Build.0 = Debug|Any CPU
		{6E8CC358-4D28-4531-A014-7D57E05A9569}.Release|Any CPU.ActiveCfg = Release|Any CPU
		{6E8CC358-4D28-4531-A014-7D57E05A9569}.Release|Any CPU.Build.0 = Release|Any CPU
	EndGlobalSection
	GlobalSection(SolutionProperties) = preSolution
		HideSolutionNode = FALSE
	EndGlobalSection
EndGlobal
